
Microsoft Visual Studio Solution File, Format Version 12.00
# Visual Studio Version 16
VisualStudioVersion = 16.0.31829.152
MinimumVisualStudioVersion = 10.0.40219.1
Project("{FAE04EC0-301F-11D3-BF4B-00C04F79EFBC}") = "AwsExamExpert", "AwsExamExpert\AwsExamExpert.csproj", "{92CE285F-F458-4E74-8A63-2A4ECC14B805}"
EndProject
Global
	GlobalSection(SolutionConfigurationPlatforms) = preSolution
		Debug|Any CPU = Debug|Any CPU
		Release|Any CPU = Release|Any CPU
	EndGlobalSection
	GlobalSection(ProjectConfigurationPlatforms) = postSolution
		{92CE285F-F458-4E74-8A63-2A4ECC14B805}.Debug|Any CPU.ActiveCfg = Debug|Any CPU
		{92CE285F-F458-4E74-8A63-2A4ECC14B805}.Debug|Any CPU.Build.0 = Debug|Any CPU
		{92CE285F-F458-4E74-8A63-2A4ECC14B805}.Release|Any CPU.ActiveCfg = Release|Any CPU
		{92CE285F-F458-4E74-8A63-2A4ECC14B805}.Release|Any CPU.Build.0 = Release|Any CPU
	EndGlobalSection
	GlobalSection(SolutionProperties) = preSolution
		HideSolutionNode = FALSE
	EndGlobalSection
	GlobalSection(ExtensibilityGlobals) = postSolution
		SolutionGuid = {03AC22FB-EC0B-4126-BD0D-FEB07601A12E}
	EndGlobalSection
EndGlobal
